
Microsoft Visual Studio Solution File, Format Version 12.00
# Visual Studio 2013
VisualStudioVersion = 12.0.30501.0
MinimumVisualStudioVersion = 10.0.40219.1
Project("{FAE04EC0-301F-11D3-BF4B-00C04F79EFBC}") = "LegendaryMarvelRandomizer.Web", "LegendaryMarvelRandomizer.Web\LegendaryMarvelRandomizer.Web.csproj", "{A8B1FF3D-0AB8-4400-BB5F-129DB5849175}"
EndProject
Project("{2150E333-8FDC-42A3-9474-1A3956D46DE8}") = "Clients", "Clients", "{F243542E-3542-426B-BFBE-585298124384}"
EndProject
Project("{2150E333-8FDC-42A3-9474-1A3956D46DE8}") = "Data", "Data", "{257D1C76-1E53-40E7-9FA6-FBF3B80423A1}"
EndProject
Project("{2150E333-8FDC-42A3-9474-1A3956D46DE8}") = "Tests", "Tests", "{AA39E424-A321-4ECE-9688-9985135247C7}"
EndProject
Project("{FAE04EC0-301F-11D3-BF4B-00C04F79EFBC}") = "LegendaryMarvelRandomizer.Core", "LegendaryMarvelRandomizer.Core\LegendaryMarvelRandomizer.Core.csproj", "{DCCD0A04-62B3-48EC-947D-06267FF06AD0}"
EndProject
Project("{FAE04EC0-301F-11D3-BF4B-00C04F79EFBC}") = "MarvelLegendaryRandomizer.MongoLegendaryMarvelRandomizer", "MarvelLegendaryRandomizer.MongoLegendaryMarvelRandomizer\MarvelLegendaryRandomizer.MongoLegendaryMarvelRandomizer.csproj", "{5D5E251D-C66B-4ACE-B627-F3EFF477D7B4}"
EndProject
Project("{FAE04EC0-301F-11D3-BF4B-00C04F79EFBC}") = "LegendaryMarvelRandomizerDatabaseManagement", "LegendaryMarvelRandomizerDatabaseManagement\LegendaryMarvelRandomizerDatabaseManagement.csproj", "{67A2F6C7-3A3F-4B1B-9815-AB28503B6590}"
EndProject
Global
	GlobalSection(SolutionConfigurationPlatforms) = preSolution
		Debug|Any CPU = Debug|Any CPU
		Release|Any CPU = Release|Any CPU
	EndGlobalSection
	GlobalSection(ProjectConfigurationPlatforms) = postSolution
		{A8B1FF3D-0AB8-4400-BB5F-129DB5849175}.Debug|Any CPU.ActiveCfg = Debug|Any CPU
		{A8B1FF3D-0AB8-4400-BB5F-129DB5849175}.Debug|Any CPU.Build.0 = Debug|Any CPU
		{A8B1FF3D-0AB8-4400-BB5F-129DB5849175}.Release|Any CPU.ActiveCfg = Release|Any CPU
		{A8B1FF3D-0AB8-4400-BB5F-129DB5849175}.Release|Any CPU.Build.0 = Release|Any CPU
		{DCCD0A04-62B3-48EC-947D-06267FF06AD0}.Debug|Any CPU.ActiveCfg = Debug|Any CPU
		{DCCD0A04-62B3-48EC-947D-06267FF06AD0}.Debug|Any CPU.Build.0 = Debug|Any CPU
		{DCCD0A04-62B3-48EC-947D-06267FF06AD0}.Release|Any CPU.ActiveCfg = Release|Any CPU
		{DCCD0A04-62B3-48EC-947D-06267FF06AD0}.Release|Any CPU.Build.0 = Release|Any CPU
		{5D5E251D-C66B-4ACE-B627-F3EFF477D7B4}.Debug|Any CPU.ActiveCfg = Debug|Any CPU
		{5D5E251D-C66B-4ACE-B627-F3EFF477D7B4}.Debug|Any CPU.Build.0 = Debug|Any CPU
		{5D5E251D-C66B-4ACE-B627-F3EFF477D7B4}.Release|Any CPU.ActiveCfg = Release|Any CPU
		{5D5E251D-C66B-4ACE-B627-F3EFF477D7B4}.Release|Any CPU.Build.0 = Release|Any CPU
		{67A2F6C7-3A3F-4B1B-9815-AB28503B6590}.Debug|Any CPU.ActiveCfg = Debug|Any CPU
		{67A2F6C7-3A3F-4B1B-9815-AB28503B6590}.Debug|Any CPU.Build.0 = Debug|Any CPU
		{67A2F6C7-3A3F-4B1B-9815-AB28503B6590}.Release|Any CPU.ActiveCfg = Release|Any CPU
		{67A2F6C7-3A3F-4B1B-9815-AB28503B6590}.Release|Any CPU.Build.0 = Release|Any CPU
	EndGlobalSection
	GlobalSection(SolutionProperties) = preSolution
		HideSolutionNode = FALSE
	EndGlobalSection
	GlobalSection(NestedProjects) = preSolution
		{A8B1FF3D-0AB8-4400-BB5F-129DB5849175} = {F243542E-3542-426B-BFBE-585298124384}
		{5D5E251D-C66B-4ACE-B627-F3EFF477D7B4} = {257D1C76-1E53-40E7-9FA6-FBF3B80423A1}
		{67A2F6C7-3A3F-4B1B-9815-AB28503B6590} = {F243542E-3542-426B-BFBE-585298124384}
	EndGlobalSection
EndGlobal
